
Microsoft Visual Studio Solution File, Format Version 12.00
# Visual Studio 15
VisualStudioVersion = 15.0.28307.1300
MinimumVisualStudioVersion = 10.0.40219.1
Project("{FAE04EC0-301F-11D3-BF4B-00C04F79EFBC}") = "ExamenDI", "ExamenDI\ExamenDI.csproj", "{5AD22F13-981E-4296-BEEF-554E4A4C4AFE}"
EndProject
Global
	GlobalSection(SolutionConfigurationPlatforms) = preSolution
		Debug|Any CPU = Debug|Any CPU
		Release|Any CPU = Release|Any CPU
	EndGlobalSection
	GlobalSection(ProjectConfigurationPlatforms) = postSolution
		{5AD22F13-981E-4296-BEEF-554E4A4C4AFE}.Debug|Any CPU.ActiveCfg = Debug|Any CPU
		{5AD22F13-981E-4296-BEEF-554E4A4C4AFE}.Debug|Any CPU.Build.0 = Debug|Any CPU
		{5AD22F13-981E-4296-BEEF-554E4A4C4AFE}.Release|Any CPU.ActiveCfg = Release|Any CPU
		{5AD22F13-981E-4296-BEEF-554E4A4C4AFE}.Release|Any CPU.Build.0 = Release|Any CPU
	EndGlobalSection
	GlobalSection(SolutionProperties) = preSolution
		HideSolutionNode = FALSE
	EndGlobalSection
	GlobalSection(ExtensibilityGlobals) = postSolution
		SolutionGuid = {CF2C5BBB-1592-4AB7-90A9-5571FFE910A3}
	EndGlobalSection
EndGlobal
